Microsoft Visual Studio Solution File, Format Version 11.00
# Visual Studio 2008

Project("{ACC00363-ABD1-409B-E2CC-D5C71E8DB640}") = "MineCurso", "Assembly-CSharp.csproj", "{A3F0C848-43CC-6FD5-4364-A569D04FAF1A}"
EndProject
Global
	GlobalSection(SolutionConfigurationPlatforms) = preSolution
		Debug|Any CPU = Debug|Any CPU
		Release|Any CPU = Release|Any CPU
	EndGlobalSection
	GlobalSection(ProjectConfigurationPlatforms) = postSolution
		{A3F0C848-43CC-6FD5-4364-A569D04FAF1A}.Debug|Any CPU.ActiveCfg = Debug|Any CPU
		{A3F0C848-43CC-6FD5-4364-A569D04FAF1A}.Debug|Any CPU.Build.0 = Debug|Any CPU
		{A3F0C848-43CC-6FD5-4364-A569D04FAF1A}.Release|Any CPU.ActiveCfg = Release|Any CPU
		{A3F0C848-43CC-6FD5-4364-A569D04FAF1A}.Release|Any CPU.Build.0 = Release|Any CPU
	EndGlobalSection
	GlobalSection(SolutionProperties) = preSolution
		HideSolutionNode = FALSE
	EndGlobalSection
	GlobalSection(MonoDevelopProperties) = preSolution
		StartupItem = Assembly-CSharp.csproj
	EndGlobalSection
EndGlobal
